
Microsoft Visual Studio Solution File, Format Version 12.00
# Visual Studio Version 17
VisualStudioVersion = 17.10.35013.160
MinimumVisualStudioVersion = 10.0.40219.1
Project("{9A19103F-16F7-4668-BE54-9A1E7A4F7556}") = "Restaurantium.DataAccess", "Restaurantium.DataAccess\Restaurantium.DataAccess.csproj", "{1BEEAC4C-115A-4C85-B0DD-87369C378E93}"
EndProject
Project("{9A19103F-16F7-4668-BE54-9A1E7A4F7556}") = "Restaurantium.WebApi", "Restaurantium.WebApi\Restaurantium.WebApi.csproj", "{86648A6E-C18B-4D37-AABB-BA0145BC11A3}"
EndProject
Project("{9A19103F-16F7-4668-BE54-9A1E7A4F7556}") = "Restaurantium.Business", "Restaurantium.Business\Restaurantium.Business.csproj", "{7C71183D-7E40-4D82-A2FE-CA5F7611920B}"
EndProject
Project("{9A19103F-16F7-4668-BE54-9A1E7A4F7556}") = "Restaurantium.Presentation", "Restaurantium.Presentation\Restaurantium.Presentation.csproj", "{B39E11B4-1805-4E34-BC9D-A0819DBF7F55}"
EndProject
Project("{FAE04EC0-301F-11D3-BF4B-00C04F79EFBC}") = "Restaurantium.Dto", "Restaurantium.Dto\Restaurantium.Dto.csproj", "{DF84A268-909E-44D2-8854-425165D54611}"
EndProject
Global
	GlobalSection(SolutionConfigurationPlatforms) = preSolution
		Debug|Any CPU = Debug|Any CPU
		Release|Any CPU = Release|Any CPU
	EndGlobalSection
	GlobalSection(ProjectConfigurationPlatforms) = postSolution
		{1BEEAC4C-115A-4C85-B0DD-87369C378E93}.Debug|Any CPU.ActiveCfg = Debug|Any CPU
		{1BEEAC4C-115A-4C85-B0DD-87369C378E93}.Debug|Any CPU.Build.0 = Debug|Any CPU
		{1BEEAC4C-115A-4C85-B0DD-87369C378E93}.Release|Any CPU.ActiveCfg = Release|Any CPU
		{1BEEAC4C-115A-4C85-B0DD-87369C378E93}.Release|Any CPU.Build.0 = Release|Any CPU
		{86648A6E-C18B-4D37-AABB-BA0145BC11A3}.Debug|Any CPU.ActiveCfg = Debug|Any CPU
		{86648A6E-C18B-4D37-AABB-BA0145BC11A3}.Debug|Any CPU.Build.0 = Debug|Any CPU
		{86648A6E-C18B-4D37-AABB-BA0145BC11A3}.Release|Any CPU.ActiveCfg = Release|Any CPU
		{86648A6E-C18B-4D37-AABB-BA0145BC11A3}.Release|Any CPU.Build.0 = Release|Any CPU
		{7C71183D-7E40-4D82-A2FE-CA5F7611920B}.Debug|Any CPU.ActiveCfg = Debug|Any CPU
		{7C71183D-7E40-4D82-A2FE-CA5F7611920B}.Debug|Any CPU.Build.0 = Debug|Any CPU
		{7C71183D-7E40-4D82-A2FE-CA5F7611920B}.Release|Any CPU.ActiveCfg = Release|Any CPU
		{7C71183D-7E40-4D82-A2FE-CA5F7611920B}.Release|Any CPU.Build.0 = Release|Any CPU
		{B39E11B4-1805-4E34-BC9D-A0819DBF7F55}.Debug|Any CPU.ActiveCfg = Debug|Any CPU
		{B39E11B4-1805-4E34-BC9D-A0819DBF7F55}.Debug|Any CPU.Build.0 = Debug|Any CPU
		{B39E11B4-1805-4E34-BC9D-A0819DBF7F55}.Release|Any CPU.ActiveCfg = Release|Any CPU
		{B39E11B4-1805-4E34-BC9D-A0819DBF7F55}.Release|Any CPU.Build.0 = Release|Any CPU
		{DF84A268-909E-44D2-8854-425165D54611}.Debug|Any CPU.ActiveCfg = Debug|Any CPU
		{DF84A268-909E-44D2-8854-425165D54611}.Debug|Any CPU.Build.0 = Debug|Any CPU
		{DF84A268-909E-44D2-8854-425165D54611}.Release|Any CPU.ActiveCfg = Release|Any CPU
		{DF84A268-909E-44D2-8854-425165D54611}.Release|Any CPU.Build.0 = Release|Any CPU
	EndGlobalSection
	GlobalSection(SolutionProperties) = preSolution
		HideSolutionNode = FALSE
	EndGlobalSection
	GlobalSection(ExtensibilityGlobals) = postSolution
		SolutionGuid = {FBD17091-98C7-4C8B-9F57-157B00DEF487}
	EndGlobalSection
EndGlobal
